// !$*UTF8*$!
{
	archiveVersion = 1;
	classes = {
	};
	objectVersion = 56;
	objects = {

/* Begin PBXBuildFile section */
		000000000000000000000101 /* LocalTTSApp.swift in Sources */ = {isa = PBXBuildFile; fileRef = 000000000000000000000201 /* LocalTTSApp.swift */; };
		000000000000000000000102 /* AppState.swift in Sources */ = {isa = PBXBuildFile; fileRef = 000000000000000000000202 /* AppState.swift */; };
		000000000000000000000103 /* ContentView.swift in Sources */ = {isa = PBXBuildFile; fileRef = 000000000000000000000203 /* ContentView.swift */; };
		000000000000000000000104 /* APIModels.swift in Sources */ = {isa = PBXBuildFile; fileRef = 000000000000000000000204 /* APIModels.swift */; };
		000000000000000000000105 /* Extensions.swift in Sources */ = {isa = PBXBuildFile; fileRef = 000000000000000000000205 /* Extensions.swift */; };
		000000000000000000000106 /* WAVEncoder.swift in Sources */ = {isa = PBXBuildFile; fileRef = 000000000000000000000206 /* WAVEncoder.swift */; };
		00000000000000000000010F /* AppLogger.swift in Sources */ = {isa = PBXBuildFile; fileRef = 00000000000000000000020F /* AppLogger.swift */; };
		000000000000000000000107 /* ModelStore.swift in Sources */ = {isa = PBXBuildFile; fileRef = 000000000000000000000207 /* ModelStore.swift */; };
		000000000000000000000108 /* NghiTTSClient.swift in Sources */ = {isa = PBXBuildFile; fileRef = 000000000000000000000208 /* NghiTTSClient.swift */; };
		000000000000000000000109 /* PiperTTSService.swift in Sources */ = {isa = PBXBuildFile; fileRef = 000000000000000000000209 /* PiperTTSService.swift */; };
		000000000000000000000110 /* APIError.swift in Sources */ = {isa = PBXBuildFile; fileRef = 000000000000000000000210 /* APIError.swift */; };
		000000000000000000000111 /* APIHandler.swift in Sources */ = {isa = PBXBuildFile; fileRef = 000000000000000000000211 /* APIHandler.swift */; };
		000000000000000000000112 /* HTTPTypes.swift in Sources */ = {isa = PBXBuildFile; fileRef = 000000000000000000000212 /* HTTPTypes.swift */; };
		000000000000000000000113 /* LocalHTTPServer.swift in Sources */ = {isa = PBXBuildFile; fileRef = 000000000000000000000213 /* LocalHTTPServer.swift */; };
		000000000000000000000114 /* BackgroundKeepAlive.swift in Sources */ = {isa = PBXBuildFile; fileRef = 000000000000000000000214 /* BackgroundKeepAlive.swift */; };
		000000000000000000000115 /* EspeakPhonemizer.swift in Sources */ = {isa = PBXBuildFile; fileRef = 000000000000000000000215 /* EspeakPhonemizer.swift */; };
		000000000000000000000116 /* ONNXPiperEngine.swift in Sources */ = {isa = PBXBuildFile; fileRef = 000000000000000000000216 /* ONNXPiperEngine.swift */; };
		000000000000000000000117 /* TextPreprocessor.swift in Sources */ = {isa = PBXBuildFile; fileRef = 000000000000000000000217 /* TextPreprocessor.swift */; };
		000000000000000000000118 /* BackgroundTaskSession.swift in Sources */ = {isa = PBXBuildFile; fileRef = 000000000000000000000218 /* BackgroundTaskSession.swift */; };

		00000000000000000000011D /* non-vietnamese-words.plist in Resources */ = {isa = PBXBuildFile; fileRef = 00000000000000000000021D /* non-vietnamese-words.plist */; };
		00000000000000000000011B /* Assets.xcassets in Resources */ = {isa = PBXBuildFile; fileRef = 00000000000000000000021B /* Assets.xcassets */; };
/* End PBXBuildFile section */

/* Begin PBXFileReference section */
		000000000000000000000001 /* LocalTTS.app */ = {isa = PBXFileReference; explicitFileType = wrapper.application; includeInIndex = 0; path = LocalTTS.app; sourceTree = BUILT_PRODUCTS_DIR; };
		000000000000000000000201 /* LocalTTSApp.swift */ = {isa = PBXFileReference; lastKnownFileType = sourcecode.swift; path = LocalTTSApp.swift; sourceTree = "<group>"; };
		000000000000000000000202 /* AppState.swift */ = {isa = PBXFileReference; lastKnownFileType = sourcecode.swift; path = AppState.swift; sourceTree = "<group>"; };
		000000000000000000000203 /* ContentView.swift */ = {isa = PBXFileReference; lastKnownFileType = sourcecode.swift; path = ContentView.swift; sourceTree = "<group>"; };
		000000000000000000000204 /* APIModels.swift */ = {isa = PBXFileReference; lastKnownFileType = sourcecode.swift; path = APIModels.swift; sourceTree = "<group>"; };
		000000000000000000000205 /* Extensions.swift */ = {isa = PBXFileReference; lastKnownFileType = sourcecode.swift; path = Extensions.swift; sourceTree = "<group>"; };
		000000000000000000000206 /* WAVEncoder.swift */ = {isa = PBXFileReference; lastKnownFileType = sourcecode.swift; path = WAVEncoder.swift; sourceTree = "<group>"; };
		00000000000000000000020F /* AppLogger.swift */ = {isa = PBXFileReference; lastKnownFileType = sourcecode.swift; path = AppLogger.swift; sourceTree = "<group>"; };
		000000000000000000000207 /* ModelStore.swift */ = {isa = PBXFileReference; lastKnownFileType = sourcecode.swift; path = ModelStore.swift; sourceTree = "<group>"; };
		000000000000000000000208 /* NghiTTSClient.swift */ = {isa = PBXFileReference; lastKnownFileType = sourcecode.swift; path = NghiTTSClient.swift; sourceTree = "<group>"; };
		000000000000000000000209 /* PiperTTSService.swift */ = {isa = PBXFileReference; lastKnownFileType = sourcecode.swift; path = PiperTTSService.swift; sourceTree = "<group>"; };
		000000000000000000000210 /* APIError.swift */ = {isa = PBXFileReference; lastKnownFileType = sourcecode.swift; path = APIError.swift; sourceTree = "<group>"; };
		000000000000000000000211 /* APIHandler.swift */ = {isa = PBXFileReference; lastKnownFileType = sourcecode.swift; path = APIHandler.swift; sourceTree = "<group>"; };
		000000000000000000000212 /* HTTPTypes.swift */ = {isa = PBXFileReference; lastKnownFileType = sourcecode.swift; path = HTTPTypes.swift; sourceTree = "<group>"; };
		000000000000000000000213 /* LocalHTTPServer.swift */ = {isa = PBXFileReference; lastKnownFileType = sourcecode.swift; path = LocalHTTPServer.swift; sourceTree = "<group>"; };
		000000000000000000000214 /* BackgroundKeepAlive.swift */ = {isa = PBXFileReference; lastKnownFileType = sourcecode.swift; path = BackgroundKeepAlive.swift; sourceTree = "<group>"; };
		000000000000000000000215 /* EspeakPhonemizer.swift */ = {isa = PBXFileReference; lastKnownFileType = sourcecode.swift; path = EspeakPhonemizer.swift; sourceTree = "<group>"; };
		000000000000000000000216 /* ONNXPiperEngine.swift */ = {isa = PBXFileReference; lastKnownFileType = sourcecode.swift; path = ONNXPiperEngine.swift; sourceTree = "<group>"; };
		000000000000000000000217 /* TextPreprocessor.swift */ = {isa = PBXFileReference; lastKnownFileType = sourcecode.swift; path = TextPreprocessor.swift; sourceTree = "<group>"; };
		000000000000000000000218 /* BackgroundTaskSession.swift */ = {isa = PBXFileReference; lastKnownFileType = sourcecode.swift; path = BackgroundTaskSession.swift; sourceTree = "<group>"; };

		00000000000000000000021D /* non-vietnamese-words.plist */ = {isa = PBXFileReference; lastKnownFileType = text.plist.xml; path = non-vietnamese-words.plist; sourceTree = "<group>"; };
		00000000000000000000021B /* Assets.xcassets */ = {isa = PBXFileReference; lastKnownFileType = folder.assetcatalog; path = Assets.xcassets; sourceTree = "<group>"; };
		000000000000000000000301 /* Info.plist */ = {isa = PBXFileReference; lastKnownFileType = text.plist.xml; path = Info.plist; sourceTree = "<group>"; };
/* End PBXFileReference section */

/* Begin PBXFrameworksBuildPhase section */
		000000000000000000000401 /* Frameworks */ = {
			isa = PBXFrameworksBuildPhase;
			buildActionMask = 2147483647;
			files = (
			);
			runOnlyForDeploymentPostprocessing = 0;
		};
/* End PBXFrameworksBuildPhase section */

/* Begin PBXGroup section */
		000000000000000000000501 = {
			isa = PBXGroup;
			children = (
				000000000000000000000502 /* LocalTTS */,
				000000000000000000000503 /* Products */,
			);
			sourceTree = "<group>";
		};
		000000000000000000000502 /* LocalTTS */ = {
			isa = PBXGroup;
			children = (
				000000000000000000000201 /* LocalTTSApp.swift */,
				000000000000000000000202 /* AppState.swift */,
				000000000000000000000203 /* ContentView.swift */,
				000000000000000000000504 /* Models */,
				000000000000000000000505 /* Services */,
				000000000000000000000506 /* Support */,
				000000000000000000000507 /* Resources */,
				00000000000000000000021B /* Assets.xcassets */,
				000000000000000000000301 /* Info.plist */,
			);
			path = LocalTTS;
			sourceTree = "<group>";
		};
		000000000000000000000503 /* Products */ = {
			isa = PBXGroup;
			children = (
				000000000000000000000001 /* LocalTTS.app */,
			);
			name = Products;
			sourceTree = "<group>";
		};
		000000000000000000000504 /* Models */ = {
			isa = PBXGroup;
			children = (
				000000000000000000000204 /* APIModels.swift */,
			);
			path = Models;
			sourceTree = "<group>";
		};
		000000000000000000000505 /* Services */ = {
			isa = PBXGroup;
			children = (
				000000000000000000000207 /* ModelStore.swift */,
				000000000000000000000208 /* NghiTTSClient.swift */,
				000000000000000000000209 /* PiperTTSService.swift */,
				000000000000000000000210 /* APIError.swift */,
				000000000000000000000211 /* APIHandler.swift */,
				000000000000000000000212 /* HTTPTypes.swift */,
				000000000000000000000213 /* LocalHTTPServer.swift */,
				000000000000000000000214 /* BackgroundKeepAlive.swift */,
				000000000000000000000215 /* EspeakPhonemizer.swift */,
				000000000000000000000216 /* ONNXPiperEngine.swift */,
				000000000000000000000217 /* TextPreprocessor.swift */,
			);
			path = Services;
			sourceTree = "<group>";
		};
		000000000000000000000506 /* Support */ = {
			isa = PBXGroup;
			children = (
				000000000000000000000205 /* Extensions.swift */,
				000000000000000000000206 /* WAVEncoder.swift */,
				00000000000000000000020F /* AppLogger.swift */,
				000000000000000000000218 /* BackgroundTaskSession.swift */,
			);
			path = Support;
			sourceTree = "<group>";
		};
		000000000000000000000507 /* Resources */ = {
			isa = PBXGroup;
			children = (

				00000000000000000000021D /* non-vietnamese-words.plist */,
			);
			path = Resources;
			sourceTree = "<group>";
		};
/* End PBXGroup section */

/* Begin PBXNativeTarget section */
		000000000000000000000601 /* LocalTTS */ = {
			isa = PBXNativeTarget;
			buildConfigurationList = 000000000000000000000701 /* Build configuration list for PBXNativeTarget "LocalTTS" */;
			buildPhases = (
				000000000000000000000801 /* Sources */,
				000000000000000000000401 /* Frameworks */,
				000000000000000000000802 /* Resources */,
			);
			buildRules = (
			);
			dependencies = (
			);
			name = LocalTTS;
			productName = LocalTTS;
			productReference = 000000000000000000000001 /* LocalTTS.app */;
			productType = "com.apple.product-type.application";
			packageProductDependencies = (
				000000000000000000000C01 /* onnxruntime */,
				000000000000000000000C02 /* libespeak-ng */,
				000000000000000000000C03 /* espeak-ng-data */,
			);
		};
/* End PBXNativeTarget section */

/* Begin PBXProject section */
		000000000000000000000901 /* Project object */ = {
			isa = PBXProject;
			attributes = {
				BuildIndependentTargetsInParallel = 1;
				LastSwiftUpdateCheck = 1540;
				LastUpgradeCheck = 1540;
				TargetAttributes = {
					000000000000000000000601 = {
						CreatedOnToolsVersion = 15.4;
					};
				};
			};
			buildConfigurationList = 000000000000000000000702 /* Build configuration list for PBXProject "LocalTTS" */;
			compatibilityVersion = "Xcode 14.0";
			developmentRegion = en;
			hasScannedForEncodings = 0;
			knownRegions = (
				en,
				Base,
			);
			mainGroup = 000000000000000000000501;
			productRefGroup = 000000000000000000000503 /* Products */;
			projectDirPath = "";
			projectRoot = "";
			packageReferences = (
				000000000000000000000B01 /* XCRemoteSwiftPackageReference "onnxruntime-swift-package-manager" */,
				000000000000000000000B02 /* XCRemoteSwiftPackageReference "espeak-ng-spm" */,
			);
			targets = (
				000000000000000000000601 /* LocalTTS */,
			);
		};
/* End PBXProject section */

/* Begin PBXResourcesBuildPhase section */
		000000000000000000000802 /* Resources */ = {
			isa = PBXResourcesBuildPhase;
			buildActionMask = 2147483647;
			files = (

				00000000000000000000011D /* non-vietnamese-words.plist in Resources */,
				00000000000000000000011B /* Assets.xcassets in Resources */,
			);
			runOnlyForDeploymentPostprocessing = 0;
		};
/* End PBXResourcesBuildPhase section */

/* Begin PBXSourcesBuildPhase section */
		000000000000000000000801 /* Sources */ = {
			isa = PBXSourcesBuildPhase;
			buildActionMask = 2147483647;
			files = (
				000000000000000000000101 /* LocalTTSApp.swift in Sources */,
				000000000000000000000102 /* AppState.swift in Sources */,
				000000000000000000000103 /* ContentView.swift in Sources */,
				000000000000000000000104 /* APIModels.swift in Sources */,
				000000000000000000000105 /* Extensions.swift in Sources */,
				000000000000000000000106 /* WAVEncoder.swift in Sources */,
				00000000000000000000010F /* AppLogger.swift in Sources */,
				000000000000000000000107 /* ModelStore.swift in Sources */,
				000000000000000000000108 /* NghiTTSClient.swift in Sources */,
				000000000000000000000109 /* PiperTTSService.swift in Sources */,
				000000000000000000000110 /* APIError.swift in Sources */,
				000000000000000000000111 /* APIHandler.swift in Sources */,
				000000000000000000000112 /* HTTPTypes.swift in Sources */,
				000000000000000000000113 /* LocalHTTPServer.swift in Sources */,
				000000000000000000000114 /* BackgroundKeepAlive.swift in Sources */,
				000000000000000000000115 /* EspeakPhonemizer.swift in Sources */,
				000000000000000000000116 /* ONNXPiperEngine.swift in Sources */,
				000000000000000000000117 /* TextPreprocessor.swift in Sources */,
				000000000000000000000118 /* BackgroundTaskSession.swift in Sources */,
			);
			runOnlyForDeploymentPostprocessing = 0;
		};
/* End PBXSourcesBuildPhase section */

/* Begin XCBuildConfiguration section */
		000000000000000000000A01 /* Debug */ = {
			isa = XCBuildConfiguration;
			buildSettings = {
				ALWAYS_SEARCH_USER_PATHS = NO;
				CLANG_ANALYZER_NONNULL = YES;
				CLANG_ANALYZER_NUMBER_OBJECT_CONVERSION = YES_AGGRESSIVE;
				CLANG_CXX_LANGUAGE_STANDARD = "gnu++20";
				CLANG_ENABLE_MODULES = YES;
				CLANG_ENABLE_OBJC_ARC = YES;
				CLANG_ENABLE_OBJC_WEAK = YES;
				CLANG_WARN_BLOCK_CAPTURE_AUTORELEASING = YES;
				CLANG_WARN_BOOL_CONVERSION = YES;
				CLANG_WARN_COMMA = YES;
				CLANG_WARN_CONSTANT_CONVERSION = YES;
				CLANG_WARN_DEPRECATED_OBJC_IMPLEMENTATIONS = YES;
				CLANG_WARN_DIRECT_OBJC_ISA_USAGE = YES_ERROR;
				CLANG_WARN_DOCUMENTATION_COMMENTS = YES;
				CLANG_WARN_EMPTY_BODY = YES;
				CLANG_WARN_ENUM_CONVERSION = YES;
				CLANG_WARN_INFINITE_RECURSION = YES;
				CLANG_WARN_INT_CONVERSION = YES;
				CLANG_WARN_NON_LITERAL_NULL_CONVERSION = YES;
				CLANG_WARN_OBJC_IMPLICIT_RETAIN_SELF = YES;
				CLANG_WARN_OBJC_LITERAL_CONVERSION = YES;
				CLANG_WARN_OBJC_ROOT_CLASS = YES_ERROR;
				CLANG_WARN_QUOTED_INCLUDE_IN_FRAMEWORK_HEADER = YES;
				CLANG_WARN_RANGE_LOOP_ANALYSIS = YES;
				CLANG_WARN_STRICT_PROTOTYPES = YES;
				CLANG_WARN_SUSPICIOUS_MOVE = YES;
				CLANG_WARN_UNGUARDED_AVAILABILITY = YES_AGGRESSIVE;
				CLANG_WARN_UNREACHABLE_CODE = YES;
				CLANG_WARN__DUPLICATE_METHOD_MATCH = YES;
				COPY_PHASE_STRIP = NO;
				DEBUG_INFORMATION_FORMAT = dwarf;
				ENABLE_STRICT_OBJC_MSGSEND = YES;
				ENABLE_TESTABILITY = YES;
				GCC_C_LANGUAGE_STANDARD = gnu17;
				GCC_DYNAMIC_NO_PIC = NO;
				GCC_NO_COMMON_BLOCKS = YES;
				GCC_OPTIMIZATION_LEVEL = 0;
				GCC_PREPROCESSOR_DEFINITIONS = (
					"DEBUG=1",
					"$(inherited)",
				);
				GCC_WARN_64_TO_32_BIT_CONVERSION = YES;
				GCC_WARN_ABOUT_RETURN_TYPE = YES_ERROR;
				GCC_WARN_UNDECLARED_SELECTOR = YES;
				GCC_WARN_UNINITIALIZED_AUTOS = YES_AGGRESSIVE;
				GCC_WARN_UNUSED_FUNCTION = YES;
				GCC_WARN_UNUSED_VARIABLE = YES;
				IPHONEOS_DEPLOYMENT_TARGET = 17.0;
				MTL_ENABLE_DEBUG_INFO = INCLUDE_SOURCE;
				MTL_FAST_MATH = YES;
				ONLY_ACTIVE_ARCH = YES;
				SDKROOT = iphoneos;
				SWIFT_ACTIVE_COMPILATION_CONDITIONS = DEBUG;
				SWIFT_OPTIMIZATION_LEVEL = "-Onone";
			};
			name = Debug;
		};
		000000000000000000000A02 /* Release */ = {
			isa = XCBuildConfiguration;
			buildSettings = {
				ALWAYS_SEARCH_USER_PATHS = NO;
				CLANG_ANALYZER_NONNULL = YES;
				CLANG_ANALYZER_NUMBER_OBJECT_CONVERSION = YES_AGGRESSIVE;
				CLANG_CXX_LANGUAGE_STANDARD = "gnu++20";
				CLANG_ENABLE_MODULES = YES;
				CLANG_ENABLE_OBJC_ARC = YES;
				CLANG_ENABLE_OBJC_WEAK = YES;
				CLANG_WARN_BLOCK_CAPTURE_AUTORELEASING = YES;
				CLANG_WARN_BOOL_CONVERSION = YES;
				CLANG_WARN_COMMA = YES;
				CLANG_WARN_CONSTANT_CONVERSION = YES;
				CLANG_WARN_DEPRECATED_OBJC_IMPLEMENTATIONS = YES;
				CLANG_WARN_DIRECT_OBJC_ISA_USAGE = YES_ERROR;
				CLANG_WARN_DOCUMENTATION_COMMENTS = YES;
				CLANG_WARN_EMPTY_BODY = YES;
				CLANG_WARN_ENUM_CONVERSION = YES;
				CLANG_WARN_INFINITE_RECURSION = YES;
				CLANG_WARN_INT_CONVERSION = YES;
				CLANG_WARN_NON_LITERAL_NULL_CONVERSION = YES;
				CLANG_WARN_OBJC_IMPLICIT_RETAIN_SELF = YES;
				CLANG_WARN_OBJC_LITERAL_CONVERSION = YES;
				CLANG_WARN_OBJC_ROOT_CLASS = YES_ERROR;
				CLANG_WARN_QUOTED_INCLUDE_IN_FRAMEWORK_HEADER = YES;
				CLANG_WARN_RANGE_LOOP_ANALYSIS = YES;
				CLANG_WARN_STRICT_PROTOTYPES = YES;
				CLANG_WARN_SUSPICIOUS_MOVE = YES;
				CLANG_WARN_UNGUARDED_AVAILABILITY = YES_AGGRESSIVE;
				CLANG_WARN_UNREACHABLE_CODE = YES;
				CLANG_WARN__DUPLICATE_METHOD_MATCH = YES;
				COPY_PHASE_STRIP = NO;
				DEBUG_INFORMATION_FORMAT = "dwarf-with-dsym";
				ENABLE_NS_ASSERTIONS = NO;
				ENABLE_STRICT_OBJC_MSGSEND = YES;
				GCC_C_LANGUAGE_STANDARD = gnu17;
				GCC_NO_COMMON_BLOCKS = YES;
				GCC_WARN_64_TO_32_BIT_CONVERSION = YES;
				GCC_WARN_ABOUT_RETURN_TYPE = YES_ERROR;
				GCC_WARN_UNDECLARED_SELECTOR = YES;
				GCC_WARN_UNINITIALIZED_AUTOS = YES_AGGRESSIVE;
				GCC_WARN_UNUSED_FUNCTION = YES;
				GCC_WARN_UNUSED_VARIABLE = YES;
				IPHONEOS_DEPLOYMENT_TARGET = 17.0;
				MTL_ENABLE_DEBUG_INFO = NO;
				MTL_FAST_MATH = YES;
				SDKROOT = iphoneos;
				SWIFT_COMPILATION_MODE = wholemodule;
				SWIFT_OPTIMIZATION_LEVEL = "-O";
				VALIDATE_PRODUCT = YES;
			};
			name = Release;
		};
		000000000000000000000A03 /* Debug */ = {
			isa = XCBuildConfiguration;
			buildSettings = {
				ASSETCATALOG_COMPILER_APPICON_NAME = AppIcon;
				CODE_SIGN_STYLE = Automatic;
				CURRENT_PROJECT_VERSION = 1;
				DEVELOPMENT_TEAM = "";
				GENERATE_INFOPLIST_FILE = NO;
				INFOPLIST_FILE = LocalTTS/Info.plist;
				IPHONEOS_DEPLOYMENT_TARGET = 17.0;
				LD_RUNPATH_SEARCH_PATHS = (
					"$(inherited)",
					"@executable_path/Frameworks",
				);
				MARKETING_VERSION = 1.0;
				PRODUCT_BUNDLE_IDENTIFIER = com.localtts.server;
				PRODUCT_NAME = "$(TARGET_NAME)";
				SWIFT_EMIT_LOC_STRINGS = YES;
				SWIFT_VERSION = 5.0;
				TARGETED_DEVICE_FAMILY = "1,2";
			};
			name = Debug;
		};
		000000000000000000000A04 /* Release */ = {
			isa = XCBuildConfiguration;
			buildSettings = {
				ASSETCATALOG_COMPILER_APPICON_NAME = AppIcon;
				CODE_SIGN_STYLE = Automatic;
				CURRENT_PROJECT_VERSION = 1;
				DEVELOPMENT_TEAM = "";
				GENERATE_INFOPLIST_FILE = NO;
				INFOPLIST_FILE = LocalTTS/Info.plist;
				IPHONEOS_DEPLOYMENT_TARGET = 17.0;
				LD_RUNPATH_SEARCH_PATHS = (
					"$(inherited)",
					"@executable_path/Frameworks",
				);
				MARKETING_VERSION = 1.0;
				PRODUCT_BUNDLE_IDENTIFIER = com.localtts.server;
				PRODUCT_NAME = "$(TARGET_NAME)";
				SWIFT_EMIT_LOC_STRINGS = YES;
				SWIFT_VERSION = 5.0;
				TARGETED_DEVICE_FAMILY = "1,2";
			};
			name = Release;
		};
/* End XCBuildConfiguration section */

/* Begin XCConfigurationList section */
		000000000000000000000701 /* Build configuration list for PBXNativeTarget "LocalTTS" */ = {
			isa = XCConfigurationList;
			buildConfigurations = (
				000000000000000000000A03 /* Debug */,
				000000000000000000000A04 /* Release */,
			);
			defaultConfigurationIsVisible = 0;
			defaultConfigurationName = Release;
		};
		000000000000000000000702 /* Build configuration list for PBXProject "LocalTTS" */ = {
			isa = XCConfigurationList;
			buildConfigurations = (
				000000000000000000000A01 /* Debug */,
				000000000000000000000A02 /* Release */,
			);
			defaultConfigurationIsVisible = 0;
			defaultConfigurationName = Release;
		};
/* End XCConfigurationList section */

/* Begin XCRemoteSwiftPackageReference section */
		000000000000000000000B01 /* XCRemoteSwiftPackageReference "onnxruntime-swift-package-manager" */ = {
			isa = XCRemoteSwiftPackageReference;
			repositoryURL = "https://github.com/microsoft/onnxruntime-swift-package-manager";
			requirement = {
				kind = upToNextMajorVersion;
				minimumVersion = 1.16.0;
			};
		};
		000000000000000000000B02 /* XCRemoteSwiftPackageReference "espeak-ng-spm" */ = {
			isa = XCRemoteSwiftPackageReference;
			repositoryURL = "https://github.com/espeak-ng/espeak-ng-spm";
			requirement = {
				kind = revision;
				revision = cb0dfa23248513e39b9619d8d1383da329507281;
			};
		};
/* End XCRemoteSwiftPackageReference section */

/* Begin XCSwiftPackageProductDependency section */
		000000000000000000000C01 /* onnxruntime */ = {
			isa = XCSwiftPackageProductDependency;
			package = 000000000000000000000B01 /* XCRemoteSwiftPackageReference "onnxruntime-swift-package-manager" */;
			productName = onnxruntime;
		};
		000000000000000000000C02 /* libespeak-ng */ = {
			isa = XCSwiftPackageProductDependency;
			package = 000000000000000000000B02 /* XCRemoteSwiftPackageReference "espeak-ng-spm" */;
			productName = "libespeak-ng";
		};
		000000000000000000000C03 /* espeak-ng-data */ = {
			isa = XCSwiftPackageProductDependency;
			package = 000000000000000000000B02 /* XCRemoteSwiftPackageReference "espeak-ng-spm" */;
			productName = "espeak-ng-data";
		};
/* End XCSwiftPackageProductDependency section */
	};
	rootObject = 000000000000000000000901 /* Project object */;
}
